
Microsoft Visual Studio Solution File, Format Version 12.00
# Visual Studio Version 16
VisualStudioVersion = 16.0.31402.337
MinimumVisualStudioVersion = 10.0.40219.1
Project("{9A19103F-16F7-4668-BE54-9A1E7A4F7556}") = "Robot", "src\Robot\Robot.csproj", "{67059C2D-80D3-4279-BCB6-424AB28AB898}"
EndProject
Project("{9A19103F-16F7-4668-BE54-9A1E7A4F7556}") = "Robot.Tests", "src\Robot.Tests\Robot.Tests.csproj", "{E6F4D2B0-1180-4428-B4ED-F882AC61A818}"
EndProject
Project("{9A19103F-16F7-4668-BE54-9A1E7A4F7556}") = "Robot.Console", "src\Robot.Console\Robot.Console.csproj", "{C1D4E035-AA63-4283-90BE-CF938FA0012F}"
EndProject
Global
	GlobalSection(SolutionConfigurationPlatforms) = preSolution
		Debug|Any CPU = Debug|Any CPU
		Release|Any CPU = Release|Any CPU
	EndGlobalSection
	GlobalSection(ProjectConfigurationPlatforms) = postSolution
		{67059C2D-80D3-4279-BCB6-424AB28AB898}.Debug|Any CPU.ActiveCfg = Debug|Any CPU
		{67059C2D-80D3-4279-BCB6-424AB28AB898}.Debug|Any CPU.Build.0 = Debug|Any CPU
		{67059C2D-80D3-4279-BCB6-424AB28AB898}.Release|Any CPU.ActiveCfg = Release|Any CPU
		{67059C2D-80D3-4279-BCB6-424AB28AB898}.Release|Any CPU.Build.0 = Release|Any CPU
		{E6F4D2B0-1180-4428-B4ED-F882AC61A818}.Debug|Any CPU.ActiveCfg = Debug|Any CPU
		{E6F4D2B0-1180-4428-B4ED-F882AC61A818}.Debug|Any CPU.Build.0 = Debug|Any CPU
		{E6F4D2B0-1180-4428-B4ED-F882AC61A818}.Release|Any CPU.ActiveCfg = Release|Any CPU
		{E6F4D2B0-1180-4428-B4ED-F882AC61A818}.Release|Any CPU.Build.0 = Release|Any CPU
		{C1D4E035-AA63-4283-90BE-CF938FA0012F}.Debug|Any CPU.ActiveCfg = Debug|Any CPU
		{C1D4E035-AA63-4283-90BE-CF938FA0012F}.Debug|Any CPU.Build.0 = Debug|Any CPU
		{C1D4E035-AA63-4283-90BE-CF938FA0012F}.Release|Any CPU.ActiveCfg = Release|Any CPU
		{C1D4E035-AA63-4283-90BE-CF938FA0012F}.Release|Any CPU.Build.0 = Release|Any CPU
	EndGlobalSection
	GlobalSection(SolutionProperties) = preSolution
		HideSolutionNode = FALSE
	EndGlobalSection
	GlobalSection(ExtensibilityGlobals) = postSolution
		SolutionGuid = {359DFC57-49B5-40D4-B2EC-52276E2D77F5}
	EndGlobalSection
EndGlobal
